
Microsoft Visual Studio Solution File, Format Version 12.00
# Visual Studio Version 17
VisualStudioVersion = 17.0.31919.166
MinimumVisualStudioVersion = 10.0.40219.1
Project("{9A19103F-16F7-4668-BE54-9A1E7A4F7556}") = "KnowledgeTest", "KnowledgeTest\KnowledgeTest.csproj", "{87CC06ED-16A6-4E0C-9B8A-39F126A1B804}"
EndProject
Project("{9A19103F-16F7-4668-BE54-9A1E7A4F7556}") = "Administration", "Administration\Administration.csproj", "{53DDBFAC-C803-4012-B055-6E540654296F}"
EndProject
Project("{9A19103F-16F7-4668-BE54-9A1E7A4F7556}") = "BLL", "BLL\BLL.csproj", "{C6CEAEBF-5FA0-4AF3-AC57-9DCFC64450AA}"
EndProject
Project("{FAE04EC0-301F-11D3-BF4B-00C04F79EFBC}") = "DAL", "DAL\DAL.csproj", "{FF791BAB-AE33-49AA-ABFE-A51E24084DAF}"
EndProject
Global
	GlobalSection(SolutionConfigurationPlatforms) = preSolution
		Debug|Any CPU = Debug|Any CPU
		Release|Any CPU = Release|Any CPU
	EndGlobalSection
	GlobalSection(ProjectConfigurationPlatforms) = postSolution
		{87CC06ED-16A6-4E0C-9B8A-39F126A1B804}.Debug|Any CPU.ActiveCfg = Debug|Any CPU
		{87CC06ED-16A6-4E0C-9B8A-39F126A1B804}.Debug|Any CPU.Build.0 = Debug|Any CPU
		{87CC06ED-16A6-4E0C-9B8A-39F126A1B804}.Release|Any CPU.ActiveCfg = Release|Any CPU
		{87CC06ED-16A6-4E0C-9B8A-39F126A1B804}.Release|Any CPU.Build.0 = Release|Any CPU
		{53DDBFAC-C803-4012-B055-6E540654296F}.Debug|Any CPU.ActiveCfg = Debug|Any CPU
		{53DDBFAC-C803-4012-B055-6E540654296F}.Debug|Any CPU.Build.0 = Debug|Any CPU
		{53DDBFAC-C803-4012-B055-6E540654296F}.Release|Any CPU.ActiveCfg = Release|Any CPU
		{53DDBFAC-C803-4012-B055-6E540654296F}.Release|Any CPU.Build.0 = Release|Any CPU
		{C6CEAEBF-5FA0-4AF3-AC57-9DCFC64450AA}.Debug|Any CPU.ActiveCfg = Debug|Any CPU
		{C6CEAEBF-5FA0-4AF3-AC57-9DCFC64450AA}.Debug|Any CPU.Build.0 = Debug|Any CPU
		{C6CEAEBF-5FA0-4AF3-AC57-9DCFC64450AA}.Release|Any CPU.ActiveCfg = Release|Any CPU
		{C6CEAEBF-5FA0-4AF3-AC57-9DCFC64450AA}.Release|Any CPU.Build.0 = Release|Any CPU
		{FF791BAB-AE33-49AA-ABFE-A51E24084DAF}.Debug|Any CPU.ActiveCfg = Debug|Any CPU
		{FF791BAB-AE33-49AA-ABFE-A51E24084DAF}.Debug|Any CPU.Build.0 = Debug|Any CPU
		{FF791BAB-AE33-49AA-ABFE-A51E24084DAF}.Release|Any CPU.ActiveCfg = Release|Any CPU
		{FF791BAB-AE33-49AA-ABFE-A51E24084DAF}.Release|Any CPU.Build.0 = Release|Any CPU
	EndGlobalSection
	GlobalSection(SolutionProperties) = preSolution
		HideSolutionNode = FALSE
	EndGlobalSection
	GlobalSection(ExtensibilityGlobals) = postSolution
		SolutionGuid = {9FD6491D-6097-4128-B03F-9724980F90A9}
	EndGlobalSection
EndGlobal
